
Microsoft Visual Studio Solution File, Format Version 12.00
# Visual Studio Version 16
VisualStudioVersion = 16.0.31313.79
MinimumVisualStudioVersion = 10.0.40219.1
Project("{FAE04EC0-301F-11D3-BF4B-00C04F79EFBC}") = "Xamarin.Android", "Xamarin\Xamarin.Android\Xamarin.Android.csproj", "{497AE742-26FD-4A53-839C-9DD9EE079D30}"
EndProject
Project("{FAE04EC0-301F-11D3-BF4B-00C04F79EFBC}") = "Xamarin.iOS", "Xamarin\Xamarin.iOS\Xamarin.iOS.csproj", "{0267B504-5E9C-47A7-84AA-5EA3F71BCB94}"
EndProject
Project("{9A19103F-16F7-4668-BE54-9A1E7A4F7556}") = "Xamarin", "Xamarin\Xamarin\Xamarin.csproj", "{07877B4F-60D5-4428-82CA-30730C4842FC}"
EndProject
Project("{FAE04EC0-301F-11D3-BF4B-00C04F79EFBC}") = "PokedexNET", "PokedexNET_Starter\PokedexNET.csproj", "{32051164-C8CC-4F3A-BB10-6CBE77192EDA}"
EndProject
Project("{2150E333-8FDC-42A3-9474-1A3956D46DE8}") = "Prism", "Prism", "{21BA4D86-8B8B-4DF7-B449-A25438EA47F5}"
EndProject
Project("{2150E333-8FDC-42A3-9474-1A3956D46DE8}") = "TrainingXamarin", "TrainingXamarin", "{21047E91-4B91-426C-96B4-DA96DCE89968}"
EndProject
Project("{9A19103F-16F7-4668-BE54-9A1E7A4F7556}") = "MyFirstAppp", "MyFirstAppp\MyFirstAppp\MyFirstAppp.csproj", "{8AB06AE9-5AED-4D8D-808F-968276E7D3E6}"
EndProject
Project("{FAE04EC0-301F-11D3-BF4B-00C04F79EFBC}") = "MyFirstAppp.Android", "MyFirstAppp\MyFirstAppp.Android\MyFirstAppp.Android.csproj", "{94947D61-D952-4928-928D-B9B799EBD2EE}"
EndProject
Project("{2150E333-8FDC-42A3-9474-1A3956D46DE8}") = "Prism_Test", "Prism_Test", "{DD4151E5-F8E7-43FD-81D2-8EE816A73137}"
EndProject
Project("{9A19103F-16F7-4668-BE54-9A1E7A4F7556}") = "BlankApp2", "BlankApp2\BlankApp2\BlankApp2.csproj", "{1C586DE6-A5FA-4D9E-8597-1D0F8B8E326A}"
EndProject
Project("{FAE04EC0-301F-11D3-BF4B-00C04F79EFBC}") = "BlankApp2.Android", "BlankApp2\BlankApp2.Android\BlankApp2.Android.csproj", "{19FA3B62-E7C5-48A1-BEF6-57D4A954414A}"
EndProject
Project("{2150E333-8FDC-42A3-9474-1A3956D46DE8}") = "Tuan4", "Tuan4", "{81985296-38CA-4F4C-B402-38E4BFA1CBD9}"
EndProject
Project("{2150E333-8FDC-42A3-9474-1A3956D46DE8}") = "Tuan 5", "Tuan 5", "{8FF816C0-A18F-4C65-9A79-9E34389E517F}"
EndProject
Project("{9A19103F-16F7-4668-BE54-9A1E7A4F7556}") = "MyApp1", "MyApp1\MyApp1\MyApp1.csproj", "{F77EF92B-EFC0-48FB-9D42-298AB51C69CD}"
EndProject
Project("{FAE04EC0-301F-11D3-BF4B-00C04F79EFBC}") = "MyApp1.Android", "MyApp1\MyApp1.Android\MyApp1.Android.csproj", "{46704B65-4183-4644-A771-FCD73506A6BC}"
EndProject
Global
	GlobalSection(SolutionConfigurationPlatforms) = preSolution
		Ad-Hoc|Any CPU = Ad-Hoc|Any CPU
		Ad-Hoc|ARM = Ad-Hoc|ARM
		Ad-Hoc|iPhone = Ad-Hoc|iPhone
		Ad-Hoc|iPhoneSimulator = Ad-Hoc|iPhoneSimulator
		Ad-Hoc|x64 = Ad-Hoc|x64
		Ad-Hoc|x86 = Ad-Hoc|x86
		AppStore|Any CPU = AppStore|Any CPU
		AppStore|ARM = AppStore|ARM
		AppStore|iPhone = AppStore|iPhone
		AppStore|iPhoneSimulator = AppStore|iPhoneSimulator
		AppStore|x64 = AppStore|x64
		AppStore|x86 = AppStore|x86
		Debug|Any CPU = Debug|Any CPU
		Debug|ARM = Debug|ARM
		Debug|iPhone = Debug|iPhone
		Debug|iPhoneSimulator = Debug|iPhoneSimulator
		Debug|x64 = Debug|x64
		Debug|x86 = Debug|x86
		Release|Any CPU = Release|Any CPU
		Release|ARM = Release|ARM
		Release|iPhone = Release|iPhone
		Release|iPhoneSimulator = Release|iPhoneSimulator
		Release|x64 = Release|x64
		Release|x86 = Release|x86
	EndGlobalSection
	GlobalSection(ProjectConfigurationPlatforms) = postSolution
		{497AE742-26FD-4A53-839C-9DD9EE079D30}.Ad-Hoc|Any CPU.ActiveCfg = Release|Any CPU
		{497AE742-26FD-4A53-839C-9DD9EE079D30}.Ad-Hoc|Any CPU.Build.0 = Release|Any CPU
		{497AE742-26FD-4A53-839C-9DD9EE079D30}.Ad-Hoc|Any CPU.Deploy.0 = Release|Any CPU
		{497AE742-26FD-4A53-839C-9DD9EE079D30}.Ad-Hoc|ARM.ActiveCfg = Release|Any CPU
		{497AE742-26FD-4A53-839C-9DD9EE079D30}.Ad-Hoc|ARM.Build.0 = Release|Any CPU
		{497AE742-26FD-4A53-839C-9DD9EE079D30}.Ad-Hoc|ARM.Deploy.0 = Release|Any CPU
		{497AE742-26FD-4A53-839C-9DD9EE079D30}.Ad-Hoc|iPhone.ActiveCfg = Release|Any CPU
		{497AE742-26FD-4A53-839C-9DD9EE079D30}.Ad-Hoc|iPhone.Build.0 = Release|Any CPU
		{497AE742-26FD-4A53-839C-9DD9EE079D30}.Ad-Hoc|iPhone.Deploy.0 = Release|Any CPU
		{497AE742-26FD-4A53-839C-9DD9EE079D30}.Ad-Hoc|iPhoneSimulator.ActiveCfg = Release|Any CPU
		{497AE742-26FD-4A53-839C-9DD9EE079D30}.Ad-Hoc|iPhoneSimulator.Build.0 = Release|Any CPU
		{497AE742-26FD-4A53-839C-9DD9EE079D30}.Ad-Hoc|iPhoneSimulator.Deploy.0 = Release|Any CPU
		{497AE742-26FD-4A53-839C-9DD9EE079D30}.Ad-Hoc|x64.ActiveCfg = Release|Any CPU
		{497AE742-26FD-4A53-839C-9DD9EE079D30}.Ad-Hoc|x64.Build.0 = Release|Any CPU
		{497AE742-26FD-4A53-839C-9DD9EE079D30}.Ad-Hoc|x64.Deploy.0 = Release|Any CPU
		{497AE742-26FD-4A53-839C-9DD9EE079D30}.Ad-Hoc|x86.ActiveCfg = Release|Any CPU
		{497AE742-26FD-4A53-839C-9DD9EE079D30}.Ad-Hoc|x86.Build.0 = Release|Any CPU
		{497AE742-26FD-4A53-839C-9DD9EE079D30}.Ad-Hoc|x86.Deploy.0 = Release|Any CPU
		{497AE742-26FD-4A53-839C-9DD9EE079D30}.AppStore|Any CPU.ActiveCfg = Release|Any CPU
		{497AE742-26FD-4A53-839C-9DD9EE079D30}.AppStore|Any CPU.Build.0 = Release|Any CPU
		{497AE742-26FD-4A53-839C-9DD9EE079D30}.AppStore|Any CPU.Deploy.0 = Release|Any CPU
		{497AE742-26FD-4A53-839C-9DD9EE079D30}.AppStore|ARM.ActiveCfg = Release|Any CPU
		{497AE742-26FD-4A53-839C-9DD9EE079D30}.AppStore|ARM.Build.0 = Release|Any CPU
		{497AE742-26FD-4A53-839C-9DD9EE079D30}.AppStore|ARM.Deploy.0 = Release|Any CPU
		{497AE742-26FD-4A53-839C-9DD9EE079D30}.AppStore|iPhone.ActiveCfg = Release|Any CPU
		{497AE742-26FD-4A53-839C-9DD9EE079D30}.AppStore|iPhone.Build.0 = Release|Any CPU
		{497AE742-26FD-4A53-839C-9DD9EE079D30}.AppStore|iPhone.Deploy.0 = Release|Any CPU
		{497AE742-26FD-4A53-839C-9DD9EE079D30}.AppStore|iPhoneSimulator.ActiveCfg = Release|Any CPU
		{497AE742-26FD-4A53-839C-9DD9EE079D30}.AppStore|iPhoneSimulator.Build.0 = Release|Any CPU
		{497AE742-26FD-4A53-839C-9DD9EE079D30}.AppStore|iPhoneSimulator.Deploy.0 = Release|Any CPU
		{497AE742-26FD-4A53-839C-9DD9EE079D30}.AppStore|x64.ActiveCfg = Release|Any CPU
		{497AE742-26FD-4A53-839C-9DD9EE079D30}.AppStore|x64.Build.0 = Release|Any CPU
		{497AE742-26FD-4A53-839C-9DD9EE079D30}.AppStore|x64.Deploy.0 = Release|Any CPU
		{497AE742-26FD-4A53-839C-9DD9EE079D30}.AppStore|x86.ActiveCfg = Release|Any CPU
		{497AE742-26FD-4A53-839C-9DD9EE079D30}.AppStore|x86.Build.0 = Release|Any CPU
		{497AE742-26FD-4A53-839C-9DD9EE079D30}.AppStore|x86.Deploy.0 = Release|Any CPU
		{497AE742-26FD-4A53-839C-9DD9EE079D30}.Debug|Any CPU.ActiveCfg = Debug|Any CPU
		{497AE742-26FD-4A53-839C-9DD9EE079D30}.Debug|Any CPU.Build.0 = Debug|Any CPU
		{497AE742-26FD-4A53-839C-9DD9EE079D30}.Debug|Any CPU.Deploy.0 = Debug|Any CPU
		{497AE742-26FD-4A53-839C-9DD9EE079D30}.Debug|ARM.ActiveCfg = Debug|Any CPU
		{497AE742-26FD-4A53-839C-9DD9EE079D30}.Debug|ARM.Build.0 = Debug|Any CPU
		{497AE742-26FD-4A53-839C-9DD9EE079D30}.Debug|ARM.Deploy.0 = Debug|Any CPU
		{497AE742-26FD-4A53-839C-9DD9EE079D30}.Debug|iPhone.ActiveCfg = Debug|Any CPU
		{497AE742-26FD-4A53-839C-9DD9EE079D30}.Debug|iPhone.Build.0 = Debug|Any CPU
		{497AE742-26FD-4A53-839C-9DD9EE079D30}.Debug|iPhone.Deploy.0 = Debug|Any CPU
		{497AE742-26FD-4A53-839C-9DD9EE079D30}.Debug|iPhoneSimulator.ActiveCfg = Debug|Any CPU
		{497AE742-26FD-4A53-839C-9DD9EE079D30}.Debug|iPhoneSimulator.Build.0 = Debug|Any CPU
		{497AE742-26FD-4A53-839C-9DD9EE079D30}.Debug|iPhoneSimulator.Deploy.0 = Debug|Any CPU
		{497AE742-26FD-4A53-839C-9DD9EE079D30}.Debug|x64.ActiveCfg = Debug|Any CPU
		{497AE742-26FD-4A53-839C-9DD9EE079D30}.Debug|x64.Build.0 = Debug|Any CPU
		{497AE742-26FD-4A53-839C-9DD9EE079D30}.Debug|x64.Deploy.0 = Debug|Any CPU
		{497AE742-26FD-4A53-839C-9DD9EE079D30}.Debug|x86.ActiveCfg = Debug|Any CPU
		{497AE742-26FD-4A53-839C-9DD9EE079D30}.Debug|x86.Build.0 = Debug|Any CPU
		{497AE742-26FD-4A53-839C-9DD9EE079D30}.Debug|x86.Deploy.0 = Debug|Any CPU
		{497AE742-26FD-4A53-839C-9DD9EE079D30}.Release|Any CPU.ActiveCfg = Release|Any CPU
		{497AE742-26FD-4A53-839C-9DD9EE079D30}.Release|Any CPU.Build.0 = Release|Any CPU
		{497AE742-26FD-4A53-839C-9DD9EE079D30}.Release|Any CPU.Deploy.0 = Release|Any CPU
		{497AE742-26FD-4A53-839C-9DD9EE079D30}.Release|ARM.ActiveCfg = Release|Any CPU
		{497AE742-26FD-4A53-839C-9DD9EE079D30}.Release|ARM.Build.0 = Release|Any CPU
		{497AE742-26FD-4A53-839C-9DD9EE079D30}.Release|ARM.Deploy.0 = Release|Any CPU
		{497AE742-26FD-4A53-839C-9DD9EE079D30}.Release|iPhone.ActiveCfg = Release|Any CPU
		{497AE742-26FD-4A53-839C-9DD9EE079D30}.Release|iPhone.Build.0 = Release|Any CPU
		{497AE742-26FD-4A53-839C-9DD9EE079D30}.Release|iPhone.Deploy.0 = Release|Any CPU
		{497AE742-26FD-4A53-839C-9DD9EE079D30}.Release|iPhoneSimulator.ActiveCfg = Release|Any CPU
		{497AE742-26FD-4A53-839C-9DD9EE079D30}.Release|iPhoneSimulator.Build.0 = Release|Any CPU
		{497AE742-26FD-4A53-839C-9DD9EE079D30}.Release|iPhoneSimulator.Deploy.0 = Release|Any CPU
		{497AE742-26FD-4A53-839C-9DD9EE079D30}.Release|x64.ActiveCfg = Release|Any CPU
		{497AE742-26FD-4A53-839C-9DD9EE079D30}.Release|x64.Build.0 = Release|Any CPU
		{497AE742-26FD-4A53-839C-9DD9EE079D30}.Release|x64.Deploy.0 = Release|Any CPU
		{497AE742-26FD-4A53-839C-9DD9EE079D30}.Release|x86.ActiveCfg = Release|Any CPU
		{497AE742-26FD-4A53-839C-9DD9EE079D30}.Release|x86.Build.0 = Release|Any CPU
		{497AE742-26FD-4A53-839C-9DD9EE079D30}.Release|x86.Deploy.0 = Release|Any CPU
		{0267B504-5E9C-47A7-84AA-5EA3F71BCB94}.Ad-Hoc|Any CPU.ActiveCfg = Release|iPhone
		{0267B504-5E9C-47A7-84AA-5EA3F71BCB94}.Ad-Hoc|Any CPU.Build.0 = Release|iPhone
		{0267B504-5E9C-47A7-84AA-5EA3F71BCB94}.Ad-Hoc|ARM.ActiveCfg = Release|iPhone
		{0267B504-5E9C-47A7-84AA-5EA3F71BCB94}.Ad-Hoc|ARM.Build.0 = Release|iPhone
		{0267B504-5E9C-47A7-84AA-5EA3F71BCB94}.Ad-Hoc|iPhone.ActiveCfg = Release|iPhone
		{0267B504-5E9C-47A7-84AA-5EA3F71BCB94}.Ad-Hoc|iPhone.Build.0 = Release|iPhone
		{0267B504-5E9C-47A7-84AA-5EA3F71BCB94}.Ad-Hoc|iPhoneSimulator.ActiveCfg = Release|iPhoneSimulator
		{0267B504-5E9C-47A7-84AA-5EA3F71BCB94}.Ad-Hoc|iPhoneSimulator.Build.0 = Release|iPhoneSimulator
		{0267B504-5E9C-47A7-84AA-5EA3F71BCB94}.Ad-Hoc|x64.ActiveCfg = Release|iPhone
		{0267B504-5E9C-47A7-84AA-5EA3F71BCB94}.Ad-Hoc|x64.Build.0 = Release|iPhone
		{0267B504-5E9C-47A7-84AA-5EA3F71BCB94}.Ad-Hoc|x86.ActiveCfg = Release|iPhone
		{0267B504-5E9C-47A7-84AA-5EA3F71BCB94}.Ad-Hoc|x86.Build.0 = Release|iPhone
		{0267B504-5E9C-47A7-84AA-5EA3F71BCB94}.AppStore|Any CPU.ActiveCfg = Release|iPhone
		{0267B504-5E9C-47A7-84AA-5EA3F71BCB94}.AppStore|Any CPU.Build.0 = Release|iPhone
		{0267B504-5E9C-47A7-84AA-5EA3F71BCB94}.AppStore|ARM.ActiveCfg = Release|iPhone
		{0267B504-5E9C-47A7-84AA-5EA3F71BCB94}.AppStore|ARM.Build.0 = Release|iPhone
		{0267B504-5E9C-47A7-84AA-5EA3F71BCB94}.AppStore|iPhone.ActiveCfg = Release|iPhone
		{0267B504-5E9C-47A7-84AA-5EA3F71BCB94}.AppStore|iPhone.Build.0 = Release|iPhone
		{0267B504-5E9C-47A7-84AA-5EA3F71BCB94}.AppStore|iPhoneSimulator.ActiveCfg = Release|iPhoneSimulator
		{0267B504-5E9C-47A7-84AA-5EA3F71BCB94}.AppStore|iPhoneSimulator.Build.0 = Release|iPhoneSimulator
		{0267B504-5E9C-47A7-84AA-5EA3F71BCB94}.AppStore|x64.ActiveCfg = Release|iPhone
		{0267B504-5E9C-47A7-84AA-5EA3F71BCB94}.AppStore|x64.Build.0 = Release|iPhone
		{0267B504-5E9C-47A7-84AA-5EA3F71BCB94}.AppStore|x86.ActiveCfg = Release|iPhone
		{0267B504-5E9C-47A7-84AA-5EA3F71BCB94}.AppStore|x86.Build.0 = Release|iPhone
		{0267B504-5E9C-47A7-84AA-5EA3F71BCB94}.Debug|Any CPU.ActiveCfg = Debug|iPhone
		{0267B504-5E9C-47A7-84AA-5EA3F71BCB94}.Debug|Any CPU.Build.0 = Debug|iPhone
		{0267B504-5E9C-47A7-84AA-5EA3F71BCB94}.Debug|Any CPU.Deploy.0 = Debug|iPhone
		{0267B504-5E9C-47A7-84AA-5EA3F71BCB94}.Debug|ARM.ActiveCfg = Debug|iPhoneSimulator
		{0267B504-5E9C-47A7-84AA-5EA3F71BCB94}.Debug|iPhone.ActiveCfg = Debug|iPhone
		{0267B504-5E9C-47A7-84AA-5EA3F71BCB94}.Debug|iPhone.Build.0 = Debug|iPhone
		{0267B504-5E9C-47A7-84AA-5EA3F71BCB94}.Debug|iPhone.Deploy.0 = Debug|iPhone
		{0267B504-5E9C-47A7-84AA-5EA3F71BCB94}.Debug|iPhoneSimulator.ActiveCfg = Debug|iPhoneSimulator
		{0267B504-5E9C-47A7-84AA-5EA3F71BCB94}.Debug|iPhoneSimulator.Build.0 = Debug|iPhoneSimulator
		{0267B504-5E9C-47A7-84AA-5EA3F71BCB94}.Debug|iPhoneSimulator.Deploy.0 = Debug|iPhoneSimulator
		{0267B504-5E9C-47A7-84AA-5EA3F71BCB94}.Debug|x64.ActiveCfg = Debug|iPhoneSimulator
		{0267B504-5E9C-47A7-84AA-5EA3F71BCB94}.Debug|x86.ActiveCfg = Debug|iPhoneSimulator
		{0267B504-5E9C-47A7-84AA-5EA3F71BCB94}.Release|Any CPU.ActiveCfg = Release|iPhoneSimulator
		{0267B504-5E9C-47A7-84AA-5EA3F71BCB94}.Release|Any CPU.Build.0 = Release|iPhoneSimulator
		{0267B504-5E9C-47A7-84AA-5EA3F71BCB94}.Release|Any CPU.Deploy.0 = Release|iPhoneSimulator
		{0267B504-5E9C-47A7-84AA-5EA3F71BCB94}.Release|ARM.ActiveCfg = Release|iPhone
		{0267B504-5E9C-47A7-84AA-5EA3F71BCB94}.Release|iPhone.ActiveCfg = Release|iPhone
		{0267B504-5E9C-47A7-84AA-5EA3F71BCB94}.Release|iPhone.Build.0 = Release|iPhone
		{0267B504-5E9C-47A7-84AA-5EA3F71BCB94}.Release|iPhone.Deploy.0 = Release|iPhone
		{0267B504-5E9C-47A7-84AA-5EA3F71BCB94}.Release|iPhoneSimulator.ActiveCfg = Release|iPhoneSimulator
		{0267B504-5E9C-47A7-84AA-5EA3F71BCB94}.Release|iPhoneSimulator.Build.0 = Release|iPhoneSimulator
		{0267B504-5E9C-47A7-84AA-5EA3F71BCB94}.Release|iPhoneSimulator.Deploy.0 = Release|iPhoneSimulator
		{0267B504-5E9C-47A7-84AA-5EA3F71BCB94}.Release|x64.ActiveCfg = Release|iPhone
		{0267B504-5E9C-47A7-84AA-5EA3F71BCB94}.Release|x86.ActiveCfg = Release|iPhone
		{07877B4F-60D5-4428-82CA-30730C4842FC}.Ad-Hoc|Any CPU.ActiveCfg = Release|Any CPU
		{07877B4F-60D5-4428-82CA-30730C4842FC}.Ad-Hoc|Any CPU.Build.0 = Release|Any CPU
		{07877B4F-60D5-4428-82CA-30730C4842FC}.Ad-Hoc|ARM.ActiveCfg = Release|Any CPU
		{07877B4F-60D5-4428-82CA-30730C4842FC}.Ad-Hoc|ARM.Build.0 = Release|Any CPU
		{07877B4F-60D5-4428-82CA-30730C4842FC}.Ad-Hoc|iPhone.ActiveCfg = Release|Any CPU
		{07877B4F-60D5-4428-82CA-30730C4842FC}.Ad-Hoc|iPhone.Build.0 = Release|Any CPU
		{07877B4F-60D5-4428-82CA-30730C4842FC}.Ad-Hoc|iPhoneSimulator.ActiveCfg = Release|Any CPU
		{07877B4F-60D5-4428-82CA-30730C4842FC}.Ad-Hoc|iPhoneSimulator.Build.0 = Release|Any CPU
		{07877B4F-60D5-4428-82CA-30730C4842FC}.Ad-Hoc|x64.ActiveCfg = Release|Any CPU
		{07877B4F-60D5-4428-82CA-30730C4842FC}.Ad-Hoc|x64.Build.0 = Release|Any CPU
		{07877B4F-60D5-4428-82CA-30730C4842FC}.Ad-Hoc|x86.ActiveCfg = Release|Any CPU
		{07877B4F-60D5-4428-82CA-30730C4842FC}.Ad-Hoc|x86.Build.0 = Release|Any CPU
		{07877B4F-60D5-4428-82CA-30730C4842FC}.AppStore|Any CPU.ActiveCfg = Release|Any CPU
		{07877B4F-60D5-4428-82CA-30730C4842FC}.AppStore|Any CPU.Build.0 = Release|Any CPU
		{07877B4F-60D5-4428-82CA-30730C4842FC}.AppStore|ARM.ActiveCfg = Release|Any CPU
		{07877B4F-60D5-4428-82CA-30730C4842FC}.AppStore|ARM.Build.0 = Release|Any CPU
		{07877B4F-60D5-4428-82CA-30730C4842FC}.AppStore|iPhone.ActiveCfg = Release|Any CPU
		{07877B4F-60D5-4428-82CA-30730C4842FC}.AppStore|iPhone.Build.0 = Release|Any CPU
		{07877B4F-60D5-4428-82CA-30730C4842FC}.AppStore|iPhoneSimulator.ActiveCfg = Release|Any CPU
		{07877B4F-60D5-4428-82CA-30730C4842FC}.AppStore|iPhoneSimulator.Build.0 = Release|Any CPU
		{07877B4F-60D5-4428-82CA-30730C4842FC}.AppStore|x64.ActiveCfg = Release|Any CPU
		{07877B4F-60D5-4428-82CA-30730C4842FC}.AppStore|x64.Build.0 = Release|Any CPU
		{07877B4F-60D5-4428-82CA-30730C4842FC}.AppStore|x86.ActiveCfg = Release|Any CPU
		{07877B4F-60D5-4428-82CA-30730C4842FC}.AppStore|x86.Build.0 = Release|Any CPU
		{07877B4F-60D5-4428-82CA-30730C4842FC}.Debug|Any CPU.ActiveCfg = Debug|Any CPU
		{07877B4F-60D5-4428-82CA-30730C4842FC}.Debug|Any CPU.Build.0 = Debug|Any CPU
		{07877B4F-60D5-4428-82CA-30730C4842FC}.Debug|Any CPU.Deploy.0 = Debug|Any CPU
		{07877B4F-60D5-4428-82CA-30730C4842FC}.Debug|ARM.ActiveCfg = Debug|Any CPU
		{07877B4F-60D5-4428-82CA-30730C4842FC}.Debug|ARM.Build.0 = Debug|Any CPU
		{07877B4F-60D5-4428-82CA-30730C4842FC}.Debug|iPhone.ActiveCfg = Debug|Any CPU
		{07877B4F-60D5-4428-82CA-30730C4842FC}.Debug|iPhone.Build.0 = Debug|Any CPU
		{07877B4F-60D5-4428-82CA-30730C4842FC}.Debug|iPhone.Deploy.0 = Debug|Any CPU
		{07877B4F-60D5-4428-82CA-30730C4842FC}.Debug|iPhoneSimulator.ActiveCfg = Debug|Any CPU
		{07877B4F-60D5-4428-82CA-30730C4842FC}.Debug|iPhoneSimulator.Build.0 = Debug|Any CPU
		{07877B4F-60D5-4428-82CA-30730C4842FC}.Debug|iPhoneSimulator.Deploy.0 = Debug|Any CPU
		{07877B4F-60D5-4428-82CA-30730C4842FC}.Debug|x64.ActiveCfg = Debug|Any CPU
		{07877B4F-60D5-4428-82CA-30730C4842FC}.Debug|x64.Build.0 = Debug|Any CPU
		{07877B4F-60D5-4428-82CA-30730C4842FC}.Debug|x86.ActiveCfg = Debug|Any CPU
		{07877B4F-60D5-4428-82CA-30730C4842FC}.Debug|x86.Build.0 = Debug|Any CPU
		{07877B4F-60D5-4428-82CA-30730C4842FC}.Release|Any CPU.ActiveCfg = Release|Any CPU
		{07877B4F-60D5-4428-82CA-30730C4842FC}.Release|Any CPU.Build.0 = Release|Any CPU
		{07877B4F-60D5-4428-82CA-30730C4842FC}.Release|Any CPU.Deploy.0 = Release|Any CPU
		{07877B4F-60D5-4428-82CA-30730C4842FC}.Release|ARM.ActiveCfg = Release|Any CPU
		{07877B4F-60D5-4428-82CA-30730C4842FC}.Release|ARM.Build.0 = Release|Any CPU
		{07877B4F-60D5-4428-82CA-30730C4842FC}.Release|iPhone.ActiveCfg = Release|Any CPU
		{07877B4F-60D5-4428-82CA-30730C4842FC}.Release|iPhone.Build.0 = Release|Any CPU
		{07877B4F-60D5-4428-82CA-30730C4842FC}.Release|iPhone.Deploy.0 = Release|Any CPU
		{07877B4F-60D5-4428-82CA-30730C4842FC}.Release|iPhoneSimulator.ActiveCfg = Release|Any CPU
		{07877B4F-60D5-4428-82CA-30730C4842FC}.Release|iPhoneSimulator.Build.0 = Release|Any CPU
		{07877B4F-60D5-4428-82CA-30730C4842FC}.Release|iPhoneSimulator.Deploy.0 = Release|Any CPU
		{07877B4F-60D5-4428-82CA-30730C4842FC}.Release|x64.ActiveCfg = Release|Any CPU
		{07877B4F-60D5-4428-82CA-30730C4842FC}.Release|x64.Build.0 = Release|Any CPU
		{07877B4F-60D5-4428-82CA-30730C4842FC}.Release|x86.ActiveCfg = Release|Any CPU
		{07877B4F-60D5-4428-82CA-30730C4842FC}.Release|x86.Build.0 = Release|Any CPU
		{32051164-C8CC-4F3A-BB10-6CBE77192EDA}.Ad-Hoc|Any CPU.ActiveCfg = Release|Any CPU
		{32051164-C8CC-4F3A-BB10-6CBE77192EDA}.Ad-Hoc|Any CPU.Build.0 = Release|Any CPU
		{32051164-C8CC-4F3A-BB10-6CBE77192EDA}.Ad-Hoc|ARM.ActiveCfg = Release|Any CPU
		{32051164-C8CC-4F3A-BB10-6CBE77192EDA}.Ad-Hoc|ARM.Build.0 = Release|Any CPU
		{32051164-C8CC-4F3A-BB10-6CBE77192EDA}.Ad-Hoc|iPhone.ActiveCfg = Release|Any CPU
		{32051164-C8CC-4F3A-BB10-6CBE77192EDA}.Ad-Hoc|iPhone.Build.0 = Release|Any CPU
		{32051164-C8CC-4F3A-BB10-6CBE77192EDA}.Ad-Hoc|iPhoneSimulator.ActiveCfg = Release|Any CPU
		{32051164-C8CC-4F3A-BB10-6CBE77192EDA}.Ad-Hoc|iPhoneSimulator.Build.0 = Release|Any CPU
		{32051164-C8CC-4F3A-BB10-6CBE77192EDA}.Ad-Hoc|x64.ActiveCfg = Release|Any CPU
		{32051164-C8CC-4F3A-BB10-6CBE77192EDA}.Ad-Hoc|x64.Build.0 = Release|Any CPU
		{32051164-C8CC-4F3A-BB10-6CBE77192EDA}.Ad-Hoc|x86.ActiveCfg = Release|Any CPU
		{32051164-C8CC-4F3A-BB10-6CBE77192EDA}.Ad-Hoc|x86.Build.0 = Release|Any CPU
		{32051164-C8CC-4F3A-BB10-6CBE77192EDA}.AppStore|Any CPU.ActiveCfg = Release|Any CPU
		{32051164-C8CC-4F3A-BB10-6CBE77192EDA}.AppStore|Any CPU.Build.0 = Release|Any CPU
		{32051164-C8CC-4F3A-BB10-6CBE77192EDA}.AppStore|ARM.ActiveCfg = Release|Any CPU
		{32051164-C8CC-4F3A-BB10-6CBE77192EDA}.AppStore|ARM.Build.0 = Release|Any CPU
		{32051164-C8CC-4F3A-BB10-6CBE77192EDA}.AppStore|iPhone.ActiveCfg = Release|Any CPU
		{32051164-C8CC-4F3A-BB10-6CBE77192EDA}.AppStore|iPhone.Build.0 = Release|Any CPU
		{32051164-C8CC-4F3A-BB10-6CBE77192EDA}.AppStore|iPhoneSimulator.ActiveCfg = Release|Any CPU
		{32051164-C8CC-4F3A-BB10-6CBE77192EDA}.AppStore|iPhoneSimulator.Build.0 = Release|Any CPU
		{32051164-C8CC-4F3A-BB10-6CBE77192EDA}.AppStore|x64.ActiveCfg = Release|Any CPU
		{32051164-C8CC-4F3A-BB10-6CBE77192EDA}.AppStore|x64.Build.0 = Release|Any CPU
		{32051164-C8CC-4F3A-BB10-6CBE77192EDA}.AppStore|x86.ActiveCfg = Release|Any CPU
		{32051164-C8CC-4F3A-BB10-6CBE77192EDA}.AppStore|x86.Build.0 = Release|Any CPU
		{32051164-C8CC-4F3A-BB10-6CBE77192EDA}.Debug|Any CPU.ActiveCfg = Debug|Any CPU
		{32051164-C8CC-4F3A-BB10-6CBE77192EDA}.Debug|Any CPU.Build.0 = Debug|Any CPU
		{32051164-C8CC-4F3A-BB10-6CBE77192EDA}.Debug|ARM.ActiveCfg = Debug|Any CPU
		{32051164-C8CC-4F3A-BB10-6CBE77192EDA}.Debug|ARM.Build.0 = Debug|Any CPU
		{32051164-C8CC-4F3A-BB10-6CBE77192EDA}.Debug|iPhone.ActiveCfg = Debug|Any CPU
		{32051164-C8CC-4F3A-BB10-6CBE77192EDA}.Debug|iPhone.Build.0 = Debug|Any CPU
		{32051164-C8CC-4F3A-BB10-6CBE77192EDA}.Debug|iPhoneSimulator.ActiveCfg = Debug|Any CPU
		{32051164-C8CC-4F3A-BB10-6CBE77192EDA}.Debug|iPhoneSimulator.Build.0 = Debug|Any CPU
		{32051164-C8CC-4F3A-BB10-6CBE77192EDA}.Debug|x64.ActiveCfg = Debug|Any CPU
		{32051164-C8CC-4F3A-BB10-6CBE77192EDA}.Debug|x64.Build.0 = Debug|Any CPU
		{32051164-C8CC-4F3A-BB10-6CBE77192EDA}.Debug|x86.ActiveCfg = Debug|Any CPU
		{32051164-C8CC-4F3A-BB10-6CBE77192EDA}.Debug|x86.Build.0 = Debug|Any CPU
		{32051164-C8CC-4F3A-BB10-6CBE77192EDA}.Release|Any CPU.ActiveCfg = Release|Any CPU
		{32051164-C8CC-4F3A-BB10-6CBE77192EDA}.Release|Any CPU.Build.0 = Release|Any CPU
		{32051164-C8CC-4F3A-BB10-6CBE77192EDA}.Release|ARM.ActiveCfg = Release|Any CPU
		{32051164-C8CC-4F3A-BB10-6CBE77192EDA}.Release|ARM.Build.0 = Release|Any CPU
		{32051164-C8CC-4F3A-BB10-6CBE77192EDA}.Release|iPhone.ActiveCfg = Release|Any CPU
		{32051164-C8CC-4F3A-BB10-6CBE77192EDA}.Release|iPhone.Build.0 = Release|Any CPU
		{32051164-C8CC-4F3A-BB10-6CBE77192EDA}.Release|iPhoneSimulator.ActiveCfg = Release|Any CPU
		{32051164-C8CC-4F3A-BB10-6CBE77192EDA}.Release|iPhoneSimulator.Build.0 = Release|Any CPU
		{32051164-C8CC-4F3A-BB10-6CBE77192EDA}.Release|x64.ActiveCfg = Release|Any CPU
		{32051164-C8CC-4F3A-BB10-6CBE77192EDA}.Release|x64.Build.0 = Release|Any CPU
		{32051164-C8CC-4F3A-BB10-6CBE77192EDA}.Release|x86.ActiveCfg = Release|Any CPU
		{32051164-C8CC-4F3A-BB10-6CBE77192EDA}.Release|x86.Build.0 = Release|Any CPU
		{8AB06AE9-5AED-4D8D-808F-968276E7D3E6}.Ad-Hoc|Any CPU.ActiveCfg = Release|Any CPU
		{8AB06AE9-5AED-4D8D-808F-968276E7D3E6}.Ad-Hoc|Any CPU.Build.0 = Release|Any CPU
		{8AB06AE9-5AED-4D8D-808F-968276E7D3E6}.Ad-Hoc|ARM.ActiveCfg = Release|Any CPU
		{8AB06AE9-5AED-4D8D-808F-968276E7D3E6}.Ad-Hoc|ARM.Build.0 = Release|Any CPU
		{8AB06AE9-5AED-4D8D-808F-968276E7D3E6}.Ad-Hoc|iPhone.ActiveCfg = Release|Any CPU
		{8AB06AE9-5AED-4D8D-808F-968276E7D3E6}.Ad-Hoc|iPhone.Build.0 = Release|Any CPU
		{8AB06AE9-5AED-4D8D-808F-968276E7D3E6}.Ad-Hoc|iPhoneSimulator.ActiveCfg = Release|Any CPU
		{8AB06AE9-5AED-4D8D-808F-968276E7D3E6}.Ad-Hoc|iPhoneSimulator.Build.0 = Release|Any CPU
		{8AB06AE9-5AED-4D8D-808F-968276E7D3E6}.Ad-Hoc|x64.ActiveCfg = Release|Any CPU
		{8AB06AE9-5AED-4D8D-808F-968276E7D3E6}.Ad-Hoc|x64.Build.0 = Release|Any CPU
		{8AB06AE9-5AED-4D8D-808F-968276E7D3E6}.Ad-Hoc|x86.ActiveCfg = Release|Any CPU
		{8AB06AE9-5AED-4D8D-808F-968276E7D3E6}.Ad-Hoc|x86.Build.0 = Release|Any CPU
		{8AB06AE9-5AED-4D8D-808F-968276E7D3E6}.AppStore|Any CPU.ActiveCfg = Release|Any CPU
		{8AB06AE9-5AED-4D8D-808F-968276E7D3E6}.AppStore|Any CPU.Build.0 = Release|Any CPU
		{8AB06AE9-5AED-4D8D-808F-968276E7D3E6}.AppStore|ARM.ActiveCfg = Release|Any CPU
		{8AB06AE9-5AED-4D8D-808F-968276E7D3E6}.AppStore|ARM.Build.0 = Release|Any CPU
		{8AB06AE9-5AED-4D8D-808F-968276E7D3E6}.AppStore|iPhone.ActiveCfg = Release|Any CPU
		{8AB06AE9-5AED-4D8D-808F-968276E7D3E6}.AppStore|iPhone.Build.0 = Release|Any CPU
		{8AB06AE9-5AED-4D8D-808F-968276E7D3E6}.AppStore|iPhoneSimulator.ActiveCfg = Release|Any CPU
		{8AB06AE9-5AED-4D8D-808F-968276E7D3E6}.AppStore|iPhoneSimulator.Build.0 = Release|Any CPU
		{8AB06AE9-5AED-4D8D-808F-968276E7D3E6}.AppStore|x64.ActiveCfg = Release|Any CPU
		{8AB06AE9-5AED-4D8D-808F-968276E7D3E6}.AppStore|x64.Build.0 = Release|Any CPU
		{8AB06AE9-5AED-4D8D-808F-968276E7D3E6}.AppStore|x86.ActiveCfg = Release|Any CPU
		{8AB06AE9-5AED-4D8D-808F-968276E7D3E6}.AppStore|x86.Build.0 = Release|Any CPU
		{8AB06AE9-5AED-4D8D-808F-968276E7D3E6}.Debug|Any CPU.ActiveCfg = Debug|Any CPU
		{8AB06AE9-5AED-4D8D-808F-968276E7D3E6}.Debug|Any CPU.Build.0 = Debug|Any CPU
		{8AB06AE9-5AED-4D8D-808F-968276E7D3E6}.Debug|ARM.ActiveCfg = Debug|Any CPU
		{8AB06AE9-5AED-4D8D-808F-968276E7D3E6}.Debug|ARM.Build.0 = Debug|Any CPU
		{8AB06AE9-5AED-4D8D-808F-968276E7D3E6}.Debug|iPhone.ActiveCfg = Debug|Any CPU
		{8AB06AE9-5AED-4D8D-808F-968276E7D3E6}.Debug|iPhone.Build.0 = Debug|Any CPU
		{8AB06AE9-5AED-4D8D-808F-968276E7D3E6}.Debug|iPhoneSimulator.ActiveCfg = Debug|Any CPU
		{8AB06AE9-5AED-4D8D-808F-968276E7D3E6}.Debug|iPhoneSimulator.Build.0 = Debug|Any CPU
		{8AB06AE9-5AED-4D8D-808F-968276E7D3E6}.Debug|x64.ActiveCfg = Debug|Any CPU
		{8AB06AE9-5AED-4D8D-808F-968276E7D3E6}.Debug|x64.Build.0 = Debug|Any CPU
		{8AB06AE9-5AED-4D8D-808F-968276E7D3E6}.Debug|x86.ActiveCfg = Debug|Any CPU
		{8AB06AE9-5AED-4D8D-808F-968276E7D3E6}.Debug|x86.Build.0 = Debug|Any CPU
		{8AB06AE9-5AED-4D8D-808F-968276E7D3E6}.Release|Any CPU.ActiveCfg = Release|Any CPU
		{8AB06AE9-5AED-4D8D-808F-968276E7D3E6}.Release|Any CPU.Build.0 = Release|Any CPU
		{8AB06AE9-5AED-4D8D-808F-968276E7D3E6}.Release|ARM.ActiveCfg = Release|Any CPU
		{8AB06AE9-5AED-4D8D-808F-968276E7D3E6}.Release|ARM.Build.0 = Release|Any CPU
		{8AB06AE9-5AED-4D8D-808F-968276E7D3E6}.Release|iPhone.ActiveCfg = Release|Any CPU
		{8AB06AE9-5AED-4D8D-808F-968276E7D3E6}.Release|iPhone.Build.0 = Release|Any CPU
		{8AB06AE9-5AED-4D8D-808F-968276E7D3E6}.Release|iPhoneSimulator.ActiveCfg = Release|Any CPU
		{8AB06AE9-5AED-4D8D-808F-968276E7D3E6}.Release|iPhoneSimulator.Build.0 = Release|Any CPU
		{8AB06AE9-5AED-4D8D-808F-968276E7D3E6}.Release|x64.ActiveCfg = Release|Any CPU
		{8AB06AE9-5AED-4D8D-808F-968276E7D3E6}.Release|x64.Build.0 = Release|Any CPU
		{8AB06AE9-5AED-4D8D-808F-968276E7D3E6}.Release|x86.ActiveCfg = Release|Any CPU
		{8AB06AE9-5AED-4D8D-808F-968276E7D3E6}.Release|x86.Build.0 = Release|Any CPU
		{94947D61-D952-4928-928D-B9B799EBD2EE}.Ad-Hoc|Any CPU.ActiveCfg = Release|Any CPU
		{94947D61-D952-4928-928D-B9B799EBD2EE}.Ad-Hoc|Any CPU.Build.0 = Release|Any CPU
		{94947D61-D952-4928-928D-B9B799EBD2EE}.Ad-Hoc|Any CPU.Deploy.0 = Release|Any CPU
		{94947D61-D952-4928-928D-B9B799EBD2EE}.Ad-Hoc|ARM.ActiveCfg = Release|Any CPU
		{94947D61-D952-4928-928D-B9B799EBD2EE}.Ad-Hoc|ARM.Build.0 = Release|Any CPU
		{94947D61-D952-4928-928D-B9B799EBD2EE}.Ad-Hoc|ARM.Deploy.0 = Release|Any CPU
		{94947D61-D952-4928-928D-B9B799EBD2EE}.Ad-Hoc|iPhone.ActiveCfg = Release|Any CPU
		{94947D61-D952-4928-928D-B9B799EBD2EE}.Ad-Hoc|iPhone.Build.0 = Release|Any CPU
		{94947D61-D952-4928-928D-B9B799EBD2EE}.Ad-Hoc|iPhone.Deploy.0 = Release|Any CPU
		{94947D61-D952-4928-928D-B9B799EBD2EE}.Ad-Hoc|iPhoneSimulator.ActiveCfg = Release|Any CPU
		{94947D61-D952-4928-928D-B9B799EBD2EE}.Ad-Hoc|iPhoneSimulator.Build.0 = Release|Any CPU
		{94947D61-D952-4928-928D-B9B799EBD2EE}.Ad-Hoc|iPhoneSimulator.Deploy.0 = Release|Any CPU
		{94947D61-D952-4928-928D-B9B799EBD2EE}.Ad-Hoc|x64.ActiveCfg = Release|Any CPU
		{94947D61-D952-4928-928D-B9B799EBD2EE}.Ad-Hoc|x64.Build.0 = Release|Any CPU
		{94947D61-D952-4928-928D-B9B799EBD2EE}.Ad-Hoc|x64.Deploy.0 = Release|Any CPU
		{94947D61-D952-4928-928D-B9B799EBD2EE}.Ad-Hoc|x86.ActiveCfg = Release|Any CPU
		{94947D61-D952-4928-928D-B9B799EBD2EE}.Ad-Hoc|x86.Build.0 = Release|Any CPU
		{94947D61-D952-4928-928D-B9B799EBD2EE}.Ad-Hoc|x86.Deploy.0 = Release|Any CPU
		{94947D61-D952-4928-928D-B9B799EBD2EE}.AppStore|Any CPU.ActiveCfg = Release|Any CPU
		{94947D61-D952-4928-928D-B9B799EBD2EE}.AppStore|Any CPU.Build.0 = Release|Any CPU
		{94947D61-D952-4928-928D-B9B799EBD2EE}.AppStore|Any CPU.Deploy.0 = Release|Any CPU
		{94947D61-D952-4928-928D-B9B799EBD2EE}.AppStore|ARM.ActiveCfg = Release|Any CPU
		{94947D61-D952-4928-928D-B9B799EBD2EE}.AppStore|ARM.Build.0 = Release|Any CPU
		{94947D61-D952-4928-928D-B9B799EBD2EE}.AppStore|ARM.Deploy.0 = Release|Any CPU
		{94947D61-D952-4928-928D-B9B799EBD2EE}.AppStore|iPhone.ActiveCfg = Release|Any CPU
		{94947D61-D952-4928-928D-B9B799EBD2EE}.AppStore|iPhone.Build.0 = Release|Any CPU
		{94947D61-D952-4928-928D-B9B799EBD2EE}.AppStore|iPhone.Deploy.0 = Release|Any CPU
		{94947D61-D952-4928-928D-B9B799EBD2EE}.AppStore|iPhoneSimulator.ActiveCfg = Release|Any CPU
		{94947D61-D952-4928-928D-B9B799EBD2EE}.AppStore|iPhoneSimulator.Build.0 = Release|Any CPU
		{94947D61-D952-4928-928D-B9B799EBD2EE}.AppStore|iPhoneSimulator.Deploy.0 = Release|Any CPU
		{94947D61-D952-4928-928D-B9B799EBD2EE}.AppStore|x64.ActiveCfg = Release|Any CPU
		{94947D61-D952-4928-928D-B9B799EBD2EE}.AppStore|x64.Build.0 = Release|Any CPU
		{94947D61-D952-4928-928D-B9B799EBD2EE}.AppStore|x64.Deploy.0 = Release|Any CPU
		{94947D61-D952-4928-928D-B9B799EBD2EE}.AppStore|x86.ActiveCfg = Release|Any CPU
		{94947D61-D952-4928-928D-B9B799EBD2EE}.AppStore|x86.Build.0 = Release|Any CPU
		{94947D61-D952-4928-928D-B9B799EBD2EE}.AppStore|x86.Deploy.0 = Release|Any CPU
		{94947D61-D952-4928-928D-B9B799EBD2EE}.Debug|Any CPU.ActiveCfg = Debug|Any CPU
		{94947D61-D952-4928-928D-B9B799EBD2EE}.Debug|Any CPU.Build.0 = Debug|Any CPU
		{94947D61-D952-4928-928D-B9B799EBD2EE}.Debug|Any CPU.Deploy.0 = Debug|Any CPU
		{94947D61-D952-4928-928D-B9B799EBD2EE}.Debug|ARM.ActiveCfg = Debug|Any CPU
		{94947D61-D952-4928-928D-B9B799EBD2EE}.Debug|ARM.Build.0 = Debug|Any CPU
		{94947D61-D952-4928-928D-B9B799EBD2EE}.Debug|ARM.Deploy.0 = Debug|Any CPU
		{94947D61-D952-4928-928D-B9B799EBD2EE}.Debug|iPhone.ActiveCfg = Debug|Any CPU
		{94947D61-D952-4928-928D-B9B799EBD2EE}.Debug|iPhone.Build.0 = Debug|Any CPU
		{94947D61-D952-4928-928D-B9B799EBD2EE}.Debug|iPhone.Deploy.0 = Debug|Any CPU
		{94947D61-D952-4928-928D-B9B799EBD2EE}.Debug|iPhoneSimulator.ActiveCfg = Debug|Any CPU
		{94947D61-D952-4928-928D-B9B799EBD2EE}.Debug|iPhoneSimulator.Build.0 = Debug|Any CPU
		{94947D61-D952-4928-928D-B9B799EBD2EE}.Debug|iPhoneSimulator.Deploy.0 = Debug|Any CPU
		{94947D61-D952-4928-928D-B9B799EBD2EE}.Debug|x64.ActiveCfg = Debug|Any CPU
		{94947D61-D952-4928-928D-B9B799EBD2EE}.Debug|x64.Build.0 = Debug|Any CPU
		{94947D61-D952-4928-928D-B9B799EBD2EE}.Debug|x64.Deploy.0 = Debug|Any CPU
		{94947D61-D952-4928-928D-B9B799EBD2EE}.Debug|x86.ActiveCfg = Debug|Any CPU
		{94947D61-D952-4928-928D-B9B799EBD2EE}.Debug|x86.Build.0 = Debug|Any CPU
		{94947D61-D952-4928-928D-B9B799EBD2EE}.Debug|x86.Deploy.0 = Debug|Any CPU
		{94947D61-D952-4928-928D-B9B799EBD2EE}.Release|Any CPU.ActiveCfg = Release|Any CPU
		{94947D61-D952-4928-928D-B9B799EBD2EE}.Release|Any CPU.Build.0 = Release|Any CPU
		{94947D61-D952-4928-928D-B9B799EBD2EE}.Release|Any CPU.Deploy.0 = Release|Any CPU
		{94947D61-D952-4928-928D-B9B799EBD2EE}.Release|ARM.ActiveCfg = Release|Any CPU
		{94947D61-D952-4928-928D-B9B799EBD2EE}.Release|ARM.Build.0 = Release|Any CPU
		{94947D61-D952-4928-928D-B9B799EBD2EE}.Release|ARM.Deploy.0 = Release|Any CPU
		{94947D61-D952-4928-928D-B9B799EBD2EE}.Release|iPhone.ActiveCfg = Release|Any CPU
		{94947D61-D952-4928-928D-B9B799EBD2EE}.Release|iPhone.Build.0 = Release|Any CPU
		{94947D61-D952-4928-928D-B9B799EBD2EE}.Release|iPhone.Deploy.0 = Release|Any CPU
		{94947D61-D952-4928-928D-B9B799EBD2EE}.Release|iPhoneSimulator.ActiveCfg = Release|Any CPU
		{94947D61-D952-4928-928D-B9B799EBD2EE}.Release|iPhoneSimulator.Build.0 = Release|Any CPU
		{94947D61-D952-4928-928D-B9B799EBD2EE}.Release|iPhoneSimulator.Deploy.0 = Release|Any CPU
		{94947D61-D952-4928-928D-B9B799EBD2EE}.Release|x64.ActiveCfg = Release|Any CPU
		{94947D61-D952-4928-928D-B9B799EBD2EE}.Release|x64.Build.0 = Release|Any CPU
		{94947D61-D952-4928-928D-B9B799EBD2EE}.Release|x64.Deploy.0 = Release|Any CPU
		{94947D61-D952-4928-928D-B9B799EBD2EE}.Release|x86.ActiveCfg = Release|Any CPU
		{94947D61-D952-4928-928D-B9B799EBD2EE}.Release|x86.Build.0 = Release|Any CPU
		{94947D61-D952-4928-928D-B9B799EBD2EE}.Release|x86.Deploy.0 = Release|Any CPU
		{1C586DE6-A5FA-4D9E-8597-1D0F8B8E326A}.Ad-Hoc|Any CPU.ActiveCfg = Debug|Any CPU
		{1C586DE6-A5FA-4D9E-8597-1D0F8B8E326A}.Ad-Hoc|Any CPU.Build.0 = Debug|Any CPU
		{1C586DE6-A5FA-4D9E-8597-1D0F8B8E326A}.Ad-Hoc|ARM.ActiveCfg = Debug|Any CPU
		{1C586DE6-A5FA-4D9E-8597-1D0F8B8E326A}.Ad-Hoc|ARM.Build.0 = Debug|Any CPU
		{1C586DE6-A5FA-4D9E-8597-1D0F8B8E326A}.Ad-Hoc|iPhone.ActiveCfg = Debug|Any CPU
		{1C586DE6-A5FA-4D9E-8597-1D0F8B8E326A}.Ad-Hoc|iPhone.Build.0 = Debug|Any CPU
		{1C586DE6-A5FA-4D9E-8597-1D0F8B8E326A}.Ad-Hoc|iPhoneSimulator.ActiveCfg = Debug|Any CPU
		{1C586DE6-A5FA-4D9E-8597-1D0F8B8E326A}.Ad-Hoc|iPhoneSimulator.Build.0 = Debug|Any CPU
		{1C586DE6-A5FA-4D9E-8597-1D0F8B8E326A}.Ad-Hoc|x64.ActiveCfg = Debug|Any CPU
		{1C586DE6-A5FA-4D9E-8597-1D0F8B8E326A}.Ad-Hoc|x64.Build.0 = Debug|Any CPU
		{1C586DE6-A5FA-4D9E-8597-1D0F8B8E326A}.Ad-Hoc|x86.ActiveCfg = Debug|Any CPU
		{1C586DE6-A5FA-4D9E-8597-1D0F8B8E326A}.Ad-Hoc|x86.Build.0 = Debug|Any CPU
		{1C586DE6-A5FA-4D9E-8597-1D0F8B8E326A}.AppStore|Any CPU.ActiveCfg = Debug|Any CPU
		{1C586DE6-A5FA-4D9E-8597-1D0F8B8E326A}.AppStore|Any CPU.Build.0 = Debug|Any CPU
		{1C586DE6-A5FA-4D9E-8597-1D0F8B8E326A}.AppStore|ARM.ActiveCfg = Debug|Any CPU
		{1C586DE6-A5FA-4D9E-8597-1D0F8B8E326A}.AppStore|ARM.Build.0 = Debug|Any CPU
		{1C586DE6-A5FA-4D9E-8597-1D0F8B8E326A}.AppStore|iPhone.ActiveCfg = Debug|Any CPU
		{1C586DE6-A5FA-4D9E-8597-1D0F8B8E326A}.AppStore|iPhone.Build.0 = Debug|Any CPU
		{1C586DE6-A5FA-4D9E-8597-1D0F8B8E326A}.AppStore|iPhoneSimulator.ActiveCfg = Debug|Any CPU
		{1C586DE6-A5FA-4D9E-8597-1D0F8B8E326A}.AppStore|iPhoneSimulator.Build.0 = Debug|Any CPU
		{1C586DE6-A5FA-4D9E-8597-1D0F8B8E326A}.AppStore|x64.ActiveCfg = Debug|Any CPU
		{1C586DE6-A5FA-4D9E-8597-1D0F8B8E326A}.AppStore|x64.Build.0 = Debug|Any CPU
		{1C586DE6-A5FA-4D9E-8597-1D0F8B8E326A}.AppStore|x86.ActiveCfg = Debug|Any CPU
		{1C586DE6-A5FA-4D9E-8597-1D0F8B8E326A}.AppStore|x86.Build.0 = Debug|Any CPU
		{1C586DE6-A5FA-4D9E-8597-1D0F8B8E326A}.Debug|Any CPU.ActiveCfg = Debug|Any CPU
		{1C586DE6-A5FA-4D9E-8597-1D0F8B8E326A}.Debug|Any CPU.Build.0 = Debug|Any CPU
		{1C586DE6-A5FA-4D9E-8597-1D0F8B8E326A}.Debug|ARM.ActiveCfg = Debug|Any CPU
		{1C586DE6-A5FA-4D9E-8597-1D0F8B8E326A}.Debug|ARM.Build.0 = Debug|Any CPU
		{1C586DE6-A5FA-4D9E-8597-1D0F8B8E326A}.Debug|iPhone.ActiveCfg = Debug|Any CPU
		{1C586DE6-A5FA-4D9E-8597-1D0F8B8E326A}.Debug|iPhone.Build.0 = Debug|Any CPU
		{1C586DE6-A5FA-4D9E-8597-1D0F8B8E326A}.Debug|iPhoneSimulator.ActiveCfg = Debug|Any CPU
		{1C586DE6-A5FA-4D9E-8597-1D0F8B8E326A}.Debug|iPhoneSimulator.Build.0 = Debug|Any CPU
		{1C586DE6-A5FA-4D9E-8597-1D0F8B8E326A}.Debug|x64.ActiveCfg = Debug|Any CPU
		{1C586DE6-A5FA-4D9E-8597-1D0F8B8E326A}.Debug|x64.Build.0 = Debug|Any CPU
		{1C586DE6-A5FA-4D9E-8597-1D0F8B8E326A}.Debug|x86.ActiveCfg = Debug|Any CPU
		{1C586DE6-A5FA-4D9E-8597-1D0F8B8E326A}.Debug|x86.Build.0 = Debug|Any CPU
		{1C586DE6-A5FA-4D9E-8597-1D0F8B8E326A}.Release|Any CPU.ActiveCfg = Release|Any CPU
		{1C586DE6-A5FA-4D9E-8597-1D0F8B8E326A}.Release|Any CPU.Build.0 = Release|Any CPU
		{1C586DE6-A5FA-4D9E-8597-1D0F8B8E326A}.Release|ARM.ActiveCfg = Release|Any CPU
		{1C586DE6-A5FA-4D9E-8597-1D0F8B8E326A}.Release|ARM.Build.0 = Release|Any CPU
		{1C586DE6-A5FA-4D9E-8597-1D0F8B8E326A}.Release|iPhone.ActiveCfg = Release|Any CPU
		{1C586DE6-A5FA-4D9E-8597-1D0F8B8E326A}.Release|iPhone.Build.0 = Release|Any CPU
		{1C586DE6-A5FA-4D9E-8597-1D0F8B8E326A}.Release|iPhoneSimulator.ActiveCfg = Release|Any CPU
		{1C586DE6-A5FA-4D9E-8597-1D0F8B8E326A}.Release|iPhoneSimulator.Build.0 = Release|Any CPU
		{1C586DE6-A5FA-4D9E-8597-1D0F8B8E326A}.Release|x64.ActiveCfg = Release|Any CPU
		{1C586DE6-A5FA-4D9E-8597-1D0F8B8E326A}.Release|x64.Build.0 = Release|Any CPU
		{1C586DE6-A5FA-4D9E-8597-1D0F8B8E326A}.Release|x86.ActiveCfg = Release|Any CPU
		{1C586DE6-A5FA-4D9E-8597-1D0F8B8E326A}.Release|x86.Build.0 = Release|Any CPU
		{19FA3B62-E7C5-48A1-BEF6-57D4A954414A}.Ad-Hoc|Any CPU.ActiveCfg = Debug|Any CPU
		{19FA3B62-E7C5-48A1-BEF6-57D4A954414A}.Ad-Hoc|Any CPU.Build.0 = Debug|Any CPU
		{19FA3B62-E7C5-48A1-BEF6-57D4A954414A}.Ad-Hoc|Any CPU.Deploy.0 = Debug|Any CPU
		{19FA3B62-E7C5-48A1-BEF6-57D4A954414A}.Ad-Hoc|ARM.ActiveCfg = Debug|Any CPU
		{19FA3B62-E7C5-48A1-BEF6-57D4A954414A}.Ad-Hoc|ARM.Build.0 = Debug|Any CPU
		{19FA3B62-E7C5-48A1-BEF6-57D4A954414A}.Ad-Hoc|ARM.Deploy.0 = Debug|Any CPU
		{19FA3B62-E7C5-48A1-BEF6-57D4A954414A}.Ad-Hoc|iPhone.ActiveCfg = Debug|Any CPU
		{19FA3B62-E7C5-48A1-BEF6-57D4A954414A}.Ad-Hoc|iPhone.Build.0 = Debug|Any CPU
		{19FA3B62-E7C5-48A1-BEF6-57D4A954414A}.Ad-Hoc|iPhone.Deploy.0 = Debug|Any CPU
		{19FA3B62-E7C5-48A1-BEF6-57D4A954414A}.Ad-Hoc|iPhoneSimulator.ActiveCfg = Debug|Any CPU
		{19FA3B62-E7C5-48A1-BEF6-57D4A954414A}.Ad-Hoc|iPhoneSimulator.Build.0 = Debug|Any CPU
		{19FA3B62-E7C5-48A1-BEF6-57D4A954414A}.Ad-Hoc|iPhoneSimulator.Deploy.0 = Debug|Any CPU
		{19FA3B62-E7C5-48A1-BEF6-57D4A954414A}.Ad-Hoc|x64.ActiveCfg = Debug|Any CPU
		{19FA3B62-E7C5-48A1-BEF6-57D4A954414A}.Ad-Hoc|x64.Build.0 = Debug|Any CPU
		{19FA3B62-E7C5-48A1-BEF6-57D4A954414A}.Ad-Hoc|x64.Deploy.0 = Debug|Any CPU
		{19FA3B62-E7C5-48A1-BEF6-57D4A954414A}.Ad-Hoc|x86.ActiveCfg = Debug|Any CPU
		{19FA3B62-E7C5-48A1-BEF6-57D4A954414A}.Ad-Hoc|x86.Build.0 = Debug|Any CPU
		{19FA3B62-E7C5-48A1-BEF6-57D4A954414A}.Ad-Hoc|x86.Deploy.0 = Debug|Any CPU
		{19FA3B62-E7C5-48A1-BEF6-57D4A954414A}.AppStore|Any CPU.ActiveCfg = Debug|Any CPU
		{19FA3B62-E7C5-48A1-BEF6-57D4A954414A}.AppStore|Any CPU.Build.0 = Debug|Any CPU
		{19FA3B62-E7C5-48A1-BEF6-57D4A954414A}.AppStore|Any CPU.Deploy.0 = Debug|Any CPU
		{19FA3B62-E7C5-48A1-BEF6-57D4A954414A}.AppStore|ARM.ActiveCfg = Debug|Any CPU
		{19FA3B62-E7C5-48A1-BEF6-57D4A954414A}.AppStore|ARM.Build.0 = Debug|Any CPU
		{19FA3B62-E7C5-48A1-BEF6-57D4A954414A}.AppStore|ARM.Deploy.0 = Debug|Any CPU
		{19FA3B62-E7C5-48A1-BEF6-57D4A954414A}.AppStore|iPhone.ActiveCfg = Debug|Any CPU
		{19FA3B62-E7C5-48A1-BEF6-57D4A954414A}.AppStore|iPhone.Build.0 = Debug|Any CPU
		{19FA3B62-E7C5-48A1-BEF6-57D4A954414A}.AppStore|iPhone.Deploy.0 = Debug|Any CPU
		{19FA3B62-E7C5-48A1-BEF6-57D4A954414A}.AppStore|iPhoneSimulator.ActiveCfg = Debug|Any CPU
		{19FA3B62-E7C5-48A1-BEF6-57D4A954414A}.AppStore|iPhoneSimulator.Build.0 = Debug|Any CPU
		{19FA3B62-E7C5-48A1-BEF6-57D4A954414A}.AppStore|iPhoneSimulator.Deploy.0 = Debug|Any CPU
		{19FA3B62-E7C5-48A1-BEF6-57D4A954414A}.AppStore|x64.ActiveCfg = Debug|Any CPU
		{19FA3B62-E7C5-48A1-BEF6-57D4A954414A}.AppStore|x64.Build.0 = Debug|Any CPU
		{19FA3B62-E7C5-48A1-BEF6-57D4A954414A}.AppStore|x64.Deploy.0 = Debug|Any CPU
		{19FA3B62-E7C5-48A1-BEF6-57D4A954414A}.AppStore|x86.ActiveCfg = Debug|Any CPU
		{19FA3B62-E7C5-48A1-BEF6-57D4A954414A}.AppStore|x86.Build.0 = Debug|Any CPU
		{19FA3B62-E7C5-48A1-BEF6-57D4A954414A}.AppStore|x86.Deploy.0 = Debug|Any CPU
		{19FA3B62-E7C5-48A1-BEF6-57D4A954414A}.Debug|Any CPU.ActiveCfg = Debug|Any CPU
		{19FA3B62-E7C5-48A1-BEF6-57D4A954414A}.Debug|Any CPU.Build.0 = Debug|Any CPU
		{19FA3B62-E7C5-48A1-BEF6-57D4A954414A}.Debug|Any CPU.Deploy.0 = Debug|Any CPU
		{19FA3B62-E7C5-48A1-BEF6-57D4A954414A}.Debug|ARM.ActiveCfg = Debug|Any CPU
		{19FA3B62-E7C5-48A1-BEF6-57D4A954414A}.Debug|ARM.Build.0 = Debug|Any CPU
		{19FA3B62-E7C5-48A1-BEF6-57D4A954414A}.Debug|ARM.Deploy.0 = Debug|Any CPU
		{19FA3B62-E7C5-48A1-BEF6-57D4A954414A}.Debug|iPhone.ActiveCfg = Debug|Any CPU
		{19FA3B62-E7C5-48A1-BEF6-57D4A954414A}.Debug|iPhone.Build.0 = Debug|Any CPU
		{19FA3B62-E7C5-48A1-BEF6-57D4A954414A}.Debug|iPhone.Deploy.0 = Debug|Any CPU
		{19FA3B62-E7C5-48A1-BEF6-57D4A954414A}.Debug|iPhoneSimulator.ActiveCfg = Debug|Any CPU
		{19FA3B62-E7C5-48A1-BEF6-57D4A954414A}.Debug|iPhoneSimulator.Build.0 = Debug|Any CPU
		{19FA3B62-E7C5-48A1-BEF6-57D4A954414A}.Debug|iPhoneSimulator.Deploy.0 = Debug|Any CPU
		{19FA3B62-E7C5-48A1-BEF6-57D4A954414A}.Debug|x64.ActiveCfg = Debug|Any CPU
		{19FA3B62-E7C5-48A1-BEF6-57D4A954414A}.Debug|x64.Build.0 = Debug|Any CPU
		{19FA3B62-E7C5-48A1-BEF6-57D4A954414A}.Debug|x64.Deploy.0 = Debug|Any CPU
		{19FA3B62-E7C5-48A1-BEF6-57D4A954414A}.Debug|x86.ActiveCfg = Debug|Any CPU
		{19FA3B62-E7C5-48A1-BEF6-57D4A954414A}.Debug|x86.Build.0 = Debug|Any CPU
		{19FA3B62-E7C5-48A1-BEF6-57D4A954414A}.Debug|x86.Deploy.0 = Debug|Any CPU
		{19FA3B62-E7C5-48A1-BEF6-57D4A954414A}.Release|Any CPU.ActiveCfg = Release|Any CPU
		{19FA3B62-E7C5-48A1-BEF6-57D4A954414A}.Release|Any CPU.Build.0 = Release|Any CPU
		{19FA3B62-E7C5-48A1-BEF6-57D4A954414A}.Release|Any CPU.Deploy.0 = Release|Any CPU
		{19FA3B62-E7C5-48A1-BEF6-57D4A954414A}.Release|ARM.ActiveCfg = Release|Any CPU
		{19FA3B62-E7C5-48A1-BEF6-57D4A954414A}.Release|ARM.Build.0 = Release|Any CPU
		{19FA3B62-E7C5-48A1-BEF6-57D4A954414A}.Release|ARM.Deploy.0 = Release|Any CPU
		{19FA3B62-E7C5-48A1-BEF6-57D4A954414A}.Release|iPhone.ActiveCfg = Release|Any CPU
		{19FA3B62-E7C5-48A1-BEF6-57D4A954414A}.Release|iPhone.Build.0 = Release|Any CPU
		{19FA3B62-E7C5-48A1-BEF6-57D4A954414A}.Release|iPhone.Deploy.0 = Release|Any CPU
		{19FA3B62-E7C5-48A1-BEF6-57D4A954414A}.Release|iPhoneSimulator.ActiveCfg = Release|Any CPU
		{19FA3B62-E7C5-48A1-BEF6-57D4A954414A}.Release|iPhoneSimulator.Build.0 = Release|Any CPU
		{19FA3B62-E7C5-48A1-BEF6-57D4A954414A}.Release|iPhoneSimulator.Deploy.0 = Release|Any CPU
		{19FA3B62-E7C5-48A1-BEF6-57D4A954414A}.Release|x64.ActiveCfg = Release|Any CPU
		{19FA3B62-E7C5-48A1-BEF6-57D4A954414A}.Release|x64.Build.0 = Release|Any CPU
		{19FA3B62-E7C5-48A1-BEF6-57D4A954414A}.Release|x64.Deploy.0 = Release|Any CPU
		{19FA3B62-E7C5-48A1-BEF6-57D4A954414A}.Release|x86.ActiveCfg = Release|Any CPU
		{19FA3B62-E7C5-48A1-BEF6-57D4A954414A}.Release|x86.Build.0 = Release|Any CPU
		{19FA3B62-E7C5-48A1-BEF6-57D4A954414A}.Release|x86.Deploy.0 = Release|Any CPU
		{F77EF92B-EFC0-48FB-9D42-298AB51C69CD}.Ad-Hoc|Any CPU.ActiveCfg = Debug|Any CPU
		{F77EF92B-EFC0-48FB-9D42-298AB51C69CD}.Ad-Hoc|Any CPU.Build.0 = Debug|Any CPU
		{F77EF92B-EFC0-48FB-9D42-298AB51C69CD}.Ad-Hoc|ARM.ActiveCfg = Debug|Any CPU
		{F77EF92B-EFC0-48FB-9D42-298AB51C69CD}.Ad-Hoc|ARM.Build.0 = Debug|Any CPU
		{F77EF92B-EFC0-48FB-9D42-298AB51C69CD}.Ad-Hoc|iPhone.ActiveCfg = Debug|Any CPU
		{F77EF92B-EFC0-48FB-9D42-298AB51C69CD}.Ad-Hoc|iPhone.Build.0 = Debug|Any CPU
		{F77EF92B-EFC0-48FB-9D42-298AB51C69CD}.Ad-Hoc|iPhoneSimulator.ActiveCfg = Debug|Any CPU
		{F77EF92B-EFC0-48FB-9D42-298AB51C69CD}.Ad-Hoc|iPhoneSimulator.Build.0 = Debug|Any CPU
		{F77EF92B-EFC0-48FB-9D42-298AB51C69CD}.Ad-Hoc|x64.ActiveCfg = Debug|Any CPU
		{F77EF92B-EFC0-48FB-9D42-298AB51C69CD}.Ad-Hoc|x64.Build.0 = Debug|Any CPU
		{F77EF92B-EFC0-48FB-9D42-298AB51C69CD}.Ad-Hoc|x86.ActiveCfg = Debug|Any CPU
		{F77EF92B-EFC0-48FB-9D42-298AB51C69CD}.Ad-Hoc|x86.Build.0 = Debug|Any CPU
		{F77EF92B-EFC0-48FB-9D42-298AB51C69CD}.AppStore|Any CPU.ActiveCfg = Debug|Any CPU
		{F77EF92B-EFC0-48FB-9D42-298AB51C69CD}.AppStore|Any CPU.Build.0 = Debug|Any CPU
		{F77EF92B-EFC0-48FB-9D42-298AB51C69CD}.AppStore|ARM.ActiveCfg = Debug|Any CPU
		{F77EF92B-EFC0-48FB-9D42-298AB51C69CD}.AppStore|ARM.Build.0 = Debug|Any CPU
		{F77EF92B-EFC0-48FB-9D42-298AB51C69CD}.AppStore|iPhone.ActiveCfg = Debug|Any CPU
		{F77EF92B-EFC0-48FB-9D42-298AB51C69CD}.AppStore|iPhone.Build.0 = Debug|Any CPU
		{F77EF92B-EFC0-48FB-9D42-298AB51C69CD}.AppStore|iPhoneSimulator.ActiveCfg = Debug|Any CPU
		{F77EF92B-EFC0-48FB-9D42-298AB51C69CD}.AppStore|iPhoneSimulator.Build.0 = Debug|Any CPU
		{F77EF92B-EFC0-48FB-9D42-298AB51C69CD}.AppStore|x64.ActiveCfg = Debug|Any CPU
		{F77EF92B-EFC0-48FB-9D42-298AB51C69CD}.AppStore|x64.Build.0 = Debug|Any CPU
		{F77EF92B-EFC0-48FB-9D42-298AB51C69CD}.AppStore|x86.ActiveCfg = Debug|Any CPU
		{F77EF92B-EFC0-48FB-9D42-298AB51C69CD}.AppStore|x86.Build.0 = Debug|Any CPU
		{F77EF92B-EFC0-48FB-9D42-298AB51C69CD}.Debug|Any CPU.ActiveCfg = Debug|Any CPU
		{F77EF92B-EFC0-48FB-9D42-298AB51C69CD}.Debug|Any CPU.Build.0 = Debug|Any CPU
		{F77EF92B-EFC0-48FB-9D42-298AB51C69CD}.Debug|ARM.ActiveCfg = Debug|Any CPU
		{F77EF92B-EFC0-48FB-9D42-298AB51C69CD}.Debug|ARM.Build.0 = Debug|Any CPU
		{F77EF92B-EFC0-48FB-9D42-298AB51C69CD}.Debug|iPhone.ActiveCfg = Debug|Any CPU
		{F77EF92B-EFC0-48FB-9D42-298AB51C69CD}.Debug|iPhone.Build.0 = Debug|Any CPU
		{F77EF92B-EFC0-48FB-9D42-298AB51C69CD}.Debug|iPhoneSimulator.ActiveCfg = Debug|Any CPU
		{F77EF92B-EFC0-48FB-9D42-298AB51C69CD}.Debug|iPhoneSimulator.Build.0 = Debug|Any CPU
		{F77EF92B-EFC0-48FB-9D42-298AB51C69CD}.Debug|x64.ActiveCfg = Debug|Any CPU
		{F77EF92B-EFC0-48FB-9D42-298AB51C69CD}.Debug|x64.Build.0 = Debug|Any CPU
		{F77EF92B-EFC0-48FB-9D42-298AB51C69CD}.Debug|x86.ActiveCfg = Debug|Any CPU
		{F77EF92B-EFC0-48FB-9D42-298AB51C69CD}.Debug|x86.Build.0 = Debug|Any CPU
		{F77EF92B-EFC0-48FB-9D42-298AB51C69CD}.Release|Any CPU.ActiveCfg = Release|Any CPU
		{F77EF92B-EFC0-48FB-9D42-298AB51C69CD}.Release|Any CPU.Build.0 = Release|Any CPU
		{F77EF92B-EFC0-48FB-9D42-298AB51C69CD}.Release|ARM.ActiveCfg = Release|Any CPU
		{F77EF92B-EFC0-48FB-9D42-298AB51C69CD}.Release|ARM.Build.0 = Release|Any CPU
		{F77EF92B-EFC0-48FB-9D42-298AB51C69CD}.Release|iPhone.ActiveCfg = Release|Any CPU
		{F77EF92B-EFC0-48FB-9D42-298AB51C69CD}.Release|iPhone.Build.0 = Release|Any CPU
		{F77EF92B-EFC0-48FB-9D42-298AB51C69CD}.Release|iPhoneSimulator.ActiveCfg = Release|Any CPU
		{F77EF92B-EFC0-48FB-9D42-298AB51C69CD}.Release|iPhoneSimulator.Build.0 = Release|Any CPU
		{F77EF92B-EFC0-48FB-9D42-298AB51C69CD}.Release|x64.ActiveCfg = Release|Any CPU
		{F77EF92B-EFC0-48FB-9D42-298AB51C69CD}.Release|x64.Build.0 = Release|Any CPU
		{F77EF92B-EFC0-48FB-9D42-298AB51C69CD}.Release|x86.ActiveCfg = Release|Any CPU
		{F77EF92B-EFC0-48FB-9D42-298AB51C69CD}.Release|x86.Build.0 = Release|Any CPU
		{46704B65-4183-4644-A771-FCD73506A6BC}.Ad-Hoc|Any CPU.ActiveCfg = Debug|Any CPU
		{46704B65-4183-4644-A771-FCD73506A6BC}.Ad-Hoc|Any CPU.Build.0 = Debug|Any CPU
		{46704B65-4183-4644-A771-FCD73506A6BC}.Ad-Hoc|Any CPU.Deploy.0 = Debug|Any CPU
		{46704B65-4183-4644-A771-FCD73506A6BC}.Ad-Hoc|ARM.ActiveCfg = Debug|Any CPU
		{46704B65-4183-4644-A771-FCD73506A6BC}.Ad-Hoc|ARM.Build.0 = Debug|Any CPU
		{46704B65-4183-4644-A771-FCD73506A6BC}.Ad-Hoc|ARM.Deploy.0 = Debug|Any CPU
		{46704B65-4183-4644-A771-FCD73506A6BC}.Ad-Hoc|iPhone.ActiveCfg = Debug|Any CPU
		{46704B65-4183-4644-A771-FCD73506A6BC}.Ad-Hoc|iPhone.Build.0 = Debug|Any CPU
		{46704B65-4183-4644-A771-FCD73506A6BC}.Ad-Hoc|iPhone.Deploy.0 = Debug|Any CPU
		{46704B65-4183-4644-A771-FCD73506A6BC}.Ad-Hoc|iPhoneSimulator.ActiveCfg = Debug|Any CPU
		{46704B65-4183-4644-A771-FCD73506A6BC}.Ad-Hoc|iPhoneSimulator.Build.0 = Debug|Any CPU
		{46704B65-4183-4644-A771-FCD73506A6BC}.Ad-Hoc|iPhoneSimulator.Deploy.0 = Debug|Any CPU
		{46704B65-4183-4644-A771-FCD73506A6BC}.Ad-Hoc|x64.ActiveCfg = Debug|Any CPU
		{46704B65-4183-4644-A771-FCD73506A6BC}.Ad-Hoc|x64.Build.0 = Debug|Any CPU
		{46704B65-4183-4644-A771-FCD73506A6BC}.Ad-Hoc|x64.Deploy.0 = Debug|Any CPU
		{46704B65-4183-4644-A771-FCD73506A6BC}.Ad-Hoc|x86.ActiveCfg = Debug|Any CPU
		{46704B65-4183-4644-A771-FCD73506A6BC}.Ad-Hoc|x86.Build.0 = Debug|Any CPU
		{46704B65-4183-4644-A771-FCD73506A6BC}.Ad-Hoc|x86.Deploy.0 = Debug|Any CPU
		{46704B65-4183-4644-A771-FCD73506A6BC}.AppStore|Any CPU.ActiveCfg = Debug|Any CPU
		{46704B65-4183-4644-A771-FCD73506A6BC}.AppStore|Any CPU.Build.0 = Debug|Any CPU
		{46704B65-4183-4644-A771-FCD73506A6BC}.AppStore|Any CPU.Deploy.0 = Debug|Any CPU
		{46704B65-4183-4644-A771-FCD73506A6BC}.AppStore|ARM.ActiveCfg = Debug|Any CPU
		{46704B65-4183-4644-A771-FCD73506A6BC}.AppStore|ARM.Build.0 = Debug|Any CPU
		{46704B65-4183-4644-A771-FCD73506A6BC}.AppStore|ARM.Deploy.0 = Debug|Any CPU
		{46704B65-4183-4644-A771-FCD73506A6BC}.AppStore|iPhone.ActiveCfg = Debug|Any CPU
		{46704B65-4183-4644-A771-FCD73506A6BC}.AppStore|iPhone.Build.0 = Debug|Any CPU
		{46704B65-4183-4644-A771-FCD73506A6BC}.AppStore|iPhone.Deploy.0 = Debug|Any CPU
		{46704B65-4183-4644-A771-FCD73506A6BC}.AppStore|iPhoneSimulator.ActiveCfg = Debug|Any CPU
		{46704B65-4183-4644-A771-FCD73506A6BC}.AppStore|iPhoneSimulator.Build.0 = Debug|Any CPU
		{46704B65-4183-4644-A771-FCD73506A6BC}.AppStore|iPhoneSimulator.Deploy.0 = Debug|Any CPU
		{46704B65-4183-4644-A771-FCD73506A6BC}.AppStore|x64.ActiveCfg = Debug|Any CPU
		{46704B65-4183-4644-A771-FCD73506A6BC}.AppStore|x64.Build.0 = Debug|Any CPU
		{46704B65-4183-4644-A771-FCD73506A6BC}.AppStore|x64.Deploy.0 = Debug|Any CPU
		{46704B65-4183-4644-A771-FCD73506A6BC}.AppStore|x86.ActiveCfg = Debug|Any CPU
		{46704B65-4183-4644-A771-FCD73506A6BC}.AppStore|x86.Build.0 = Debug|Any CPU
		{46704B65-4183-4644-A771-FCD73506A6BC}.AppStore|x86.Deploy.0 = Debug|Any CPU
		{46704B65-4183-4644-A771-FCD73506A6BC}.Debug|Any CPU.ActiveCfg = Debug|Any CPU
		{46704B65-4183-4644-A771-FCD73506A6BC}.Debug|Any CPU.Build.0 = Debug|Any CPU
		{46704B65-4183-4644-A771-FCD73506A6BC}.Debug|Any CPU.Deploy.0 = Debug|Any CPU
		{46704B65-4183-4644-A771-FCD73506A6BC}.Debug|ARM.ActiveCfg = Debug|Any CPU
		{46704B65-4183-4644-A771-FCD73506A6BC}.Debug|ARM.Build.0 = Debug|Any CPU
		{46704B65-4183-4644-A771-FCD73506A6BC}.Debug|ARM.Deploy.0 = Debug|Any CPU
		{46704B65-4183-4644-A771-FCD73506A6BC}.Debug|iPhone.ActiveCfg = Debug|Any CPU
		{46704B65-4183-4644-A771-FCD73506A6BC}.Debug|iPhone.Build.0 = Debug|Any CPU
		{46704B65-4183-4644-A771-FCD73506A6BC}.Debug|iPhone.Deploy.0 = Debug|Any CPU
		{46704B65-4183-4644-A771-FCD73506A6BC}.Debug|iPhoneSimulator.ActiveCfg = Debug|Any CPU
		{46704B65-4183-4644-A771-FCD73506A6BC}.Debug|iPhoneSimulator.Build.0 = Debug|Any CPU
		{46704B65-4183-4644-A771-FCD73506A6BC}.Debug|iPhoneSimulator.Deploy.0 = Debug|Any CPU
		{46704B65-4183-4644-A771-FCD73506A6BC}.Debug|x64.ActiveCfg = Debug|Any CPU
		{46704B65-4183-4644-A771-FCD73506A6BC}.Debug|x64.Build.0 = Debug|Any CPU
		{46704B65-4183-4644-A771-FCD73506A6BC}.Debug|x64.Deploy.0 = Debug|Any CPU
		{46704B65-4183-4644-A771-FCD73506A6BC}.Debug|x86.ActiveCfg = Debug|Any CPU
		{46704B65-4183-4644-A771-FCD73506A6BC}.Debug|x86.Build.0 = Debug|Any CPU
		{46704B65-4183-4644-A771-FCD73506A6BC}.Debug|x86.Deploy.0 = Debug|Any CPU
		{46704B65-4183-4644-A771-FCD73506A6BC}.Release|Any CPU.ActiveCfg = Release|Any CPU
		{46704B65-4183-4644-A771-FCD73506A6BC}.Release|Any CPU.Build.0 = Release|Any CPU
		{46704B65-4183-4644-A771-FCD73506A6BC}.Release|Any CPU.Deploy.0 = Release|Any CPU
		{46704B65-4183-4644-A771-FCD73506A6BC}.Release|ARM.ActiveCfg = Release|Any CPU
		{46704B65-4183-4644-A771-FCD73506A6BC}.Release|ARM.Build.0 = Release|Any CPU
		{46704B65-4183-4644-A771-FCD73506A6BC}.Release|ARM.Deploy.0 = Release|Any CPU
		{46704B65-4183-4644-A771-FCD73506A6BC}.Release|iPhone.ActiveCfg = Release|Any CPU
		{46704B65-4183-4644-A771-FCD73506A6BC}.Release|iPhone.Build.0 = Release|Any CPU
		{46704B65-4183-4644-A771-FCD73506A6BC}.Release|iPhone.Deploy.0 = Release|Any CPU
		{46704B65-4183-4644-A771-FCD73506A6BC}.Release|iPhoneSimulator.ActiveCfg = Release|Any CPU
		{46704B65-4183-4644-A771-FCD73506A6BC}.Release|iPhoneSimulator.Build.0 = Release|Any CPU
		{46704B65-4183-4644-A771-FCD73506A6BC}.Release|iPhoneSimulator.Deploy.0 = Release|Any CPU
		{46704B65-4183-4644-A771-FCD73506A6BC}.Release|x64.ActiveCfg = Release|Any CPU
		{46704B65-4183-4644-A771-FCD73506A6BC}.Release|x64.Build.0 = Release|Any CPU
		{46704B65-4183-4644-A771-FCD73506A6BC}.Release|x64.Deploy.0 = Release|Any CPU
		{46704B65-4183-4644-A771-FCD73506A6BC}.Release|x86.ActiveCfg = Release|Any CPU
		{46704B65-4183-4644-A771-FCD73506A6BC}.Release|x86.Build.0 = Release|Any CPU
		{46704B65-4183-4644-A771-FCD73506A6BC}.Release|x86.Deploy.0 = Release|Any CPU
	EndGlobalSection
	GlobalSection(SolutionProperties) = preSolution
		HideSolutionNode = FALSE
	EndGlobalSection
	GlobalSection(NestedProjects) = preSolution
		{497AE742-26FD-4A53-839C-9DD9EE079D30} = {21047E91-4B91-426C-96B4-DA96DCE89968}
		{0267B504-5E9C-47A7-84AA-5EA3F71BCB94} = {21047E91-4B91-426C-96B4-DA96DCE89968}
		{07877B4F-60D5-4428-82CA-30730C4842FC} = {21047E91-4B91-426C-96B4-DA96DCE89968}
		{32051164-C8CC-4F3A-BB10-6CBE77192EDA} = {21047E91-4B91-426C-96B4-DA96DCE89968}
		{8AB06AE9-5AED-4D8D-808F-968276E7D3E6} = {21BA4D86-8B8B-4DF7-B449-A25438EA47F5}
		{94947D61-D952-4928-928D-B9B799EBD2EE} = {21BA4D86-8B8B-4DF7-B449-A25438EA47F5}
		{1C586DE6-A5FA-4D9E-8597-1D0F8B8E326A} = {81985296-38CA-4F4C-B402-38E4BFA1CBD9}
		{19FA3B62-E7C5-48A1-BEF6-57D4A954414A} = {81985296-38CA-4F4C-B402-38E4BFA1CBD9}
		{81985296-38CA-4F4C-B402-38E4BFA1CBD9} = {DD4151E5-F8E7-43FD-81D2-8EE816A73137}
		{8FF816C0-A18F-4C65-9A79-9E34389E517F} = {DD4151E5-F8E7-43FD-81D2-8EE816A73137}
		{F77EF92B-EFC0-48FB-9D42-298AB51C69CD} = {8FF816C0-A18F-4C65-9A79-9E34389E517F}
		{46704B65-4183-4644-A771-FCD73506A6BC} = {8FF816C0-A18F-4C65-9A79-9E34389E517F}
	EndGlobalSection
	GlobalSection(ExtensibilityGlobals) = postSolution
		SolutionGuid = {EBD0D0DA-01B9-48A2-A51F-347DF435CD69}
	EndGlobalSection
EndGlobal
